
Microsoft Visual Studio Solution File, Format Version 12.00
# Visual Studio Version 16
VisualStudioVersion = 16.0.31424.327
MinimumVisualStudioVersion = 10.0.40219.1
Project("{FAE04EC0-301F-11D3-BF4B-00C04F79EFBC}") = "Task 25 - Low", "Task 25\Task 25 - Low.csproj", "{2C118AA6-6BFF-480F-A26D-CABBD1B6690C}"
EndProject
Global
	GlobalSection(SolutionConfigurationPlatforms) = preSolution
		Debug|Any CPU = Debug|Any CPU
		Release|Any CPU = Release|Any CPU
	EndGlobalSection
	GlobalSection(ProjectConfigurationPlatforms) = postSolution
		{2C118AA6-6BFF-480F-A26D-CABBD1B6690C}.Debug|Any CPU.ActiveCfg = Debug|Any CPU
		{2C118AA6-6BFF-480F-A26D-CABBD1B6690C}.Debug|Any CPU.Build.0 = Debug|Any CPU
		{2C118AA6-6BFF-480F-A26D-CABBD1B6690C}.Release|Any CPU.ActiveCfg = Release|Any CPU
		{2C118AA6-6BFF-480F-A26D-CABBD1B6690C}.Release|Any CPU.Build.0 = Release|Any CPU
	EndGlobalSection
	GlobalSection(SolutionProperties) = preSolution
		HideSolutionNode = FALSE
	EndGlobalSection
	GlobalSection(ExtensibilityGlobals) = postSolution
		SolutionGuid = {1373F534-F349-4012-A8FF-31EE85458E35}
	EndGlobalSection
EndGlobal
